# THIS IS AN AUTOGENERATED FILE. DO NOT EDIT THIS FILE DIRECTLY.
# yarn lockfile v1


"@vercel/ncc@^0.31.0":
  version "0.31.0"
  resolved "https://registry.yarnpkg.com/@vercel/ncc/-/ncc-0.31.0.tgz#5035b80b49406d8b1d5922a0ba57fbbab03d0ea4"
  integrity sha512-vpioWEFk00Sk5CgJj39LFAjqXcM0PLcaSqaEDeZZUKfHEKYmHL5tOns7Xd21/o4SKzRi+XE0qhEv9wWwkfmNaA==
